
Microsoft Visual Studio Solution File, Format Version 12.00
# Visual Studio Version 16
VisualStudioVersion = 16.0.29609.76
MinimumVisualStudioVersion = 10.0.40219.1
Project("{FAE04EC0-301F-11D3-BF4B-00C04F79EFBC}") = "AsyncEvents", "AsyncEvents\AsyncEvents.csproj", "{F3CD5EDA-6EE1-45BB-A7CA-FE0F3D92E450}"
EndProject
Project("{FAE04EC0-301F-11D3-BF4B-00C04F79EFBC}") = "AsyncEventsTesting", "..\AsyncEventsTesting\AsyncEventsTesting.csproj", "{9D5F65FA-A068-4B39-ADBA-E9E82F1BA6B8}"
EndProject
Global
	GlobalSection(SolutionConfigurationPlatforms) = preSolution
		Debug|Any CPU = Debug|Any CPU
		Release|Any CPU = Release|Any CPU
	EndGlobalSection
	GlobalSection(ProjectConfigurationPlatforms) = postSolution
		{F3CD5EDA-6EE1-45BB-A7CA-FE0F3D92E450}.Debug|Any CPU.ActiveCfg = Debug|Any CPU
		{F3CD5EDA-6EE1-45BB-A7CA-FE0F3D92E450}.Debug|Any CPU.Build.0 = Debug|Any CPU
		{F3CD5EDA-6EE1-45BB-A7CA-FE0F3D92E450}.Release|Any CPU.ActiveCfg = Release|Any CPU
		{F3CD5EDA-6EE1-45BB-A7CA-FE0F3D92E450}.Release|Any CPU.Build.0 = Release|Any CPU
		{9D5F65FA-A068-4B39-ADBA-E9E82F1BA6B8}.Debug|Any CPU.ActiveCfg = Debug|Any CPU
		{9D5F65FA-A068-4B39-ADBA-E9E82F1BA6B8}.Debug|Any CPU.Build.0 = Debug|Any CPU
		{9D5F65FA-A068-4B39-ADBA-E9E82F1BA6B8}.Release|Any CPU.ActiveCfg = Release|Any CPU
		{9D5F65FA-A068-4B39-ADBA-E9E82F1BA6B8}.Release|Any CPU.Build.0 = Release|Any CPU
	EndGlobalSection
	GlobalSection(SolutionProperties) = preSolution
		HideSolutionNode = FALSE
	EndGlobalSection
	GlobalSection(ExtensibilityGlobals) = postSolution
		SolutionGuid = {AF40A69B-4356-4AB9-9993-92D01DB006F7}
	EndGlobalSection
EndGlobal
